{
	"name": "LD55",
	"version": "1.0.0",
	"lockfileVersion": 1,
	"requires": true,
	"dependencies": {
		"audio-manager": {
			"version": "0.1.17"
		},
		"p2": {
			"version": "0.7.1",
			"resolved": "https://registry.npmjs.org/p2/-/p2-0.7.1.tgz",
			"integrity": "sha512-wJxG87tHPlAO1iwGettkiU4ptoytQDoJSeP+PV8aZVT//ZHlD2H2uMtIPnQG8MXAaGR9OI1o1pqBV1g/fpNgNw==",
			"requires": {
				"poly-decomp": "0.1.1"
			}
		},
		"poly-decomp": {
			"version": "0.1.1",
			"resolved": "https://registry.npmjs.org/poly-decomp/-/poly-decomp-0.1.1.tgz",
			"integrity": "sha512-clSDtuC48FR2PL2z/+VIRhfnxC7776GlJgDNAh1ZIqYOiaGqrINB+xGIWQypLgpz6Z/Ht/w7rTFEGFRNuSPOuA=="
		},
		"tina": {
			"version": "0.3.23"
		}
	}
}
