{
	"name": "LD56",
	"version": "1.0.0",
	"lockfileVersion": 1,
	"requires": true,
	"dependencies": {
		"audio-manager": {
			"version": "0.1.17",
			"resolved": "https://registry.npmjs.org/audio-manager/-/audio-manager-0.1.17.tgz",
			"integrity": "sha512-s1PEbqPWXNF7+6HlDtlM9K0h3iraF3ds1ehSo/7qtHNwiQ+ifRewujzc/CW84FVrFAjAQ04f8fGTr7p8Xa3+Cw=="
		},
		"p2": {
			"version": "0.7.1",
			"resolved": "https://registry.npmjs.org/p2/-/p2-0.7.1.tgz",
			"integrity": "sha512-wJxG87tHPlAO1iwGettkiU4ptoytQDoJSeP+PV8aZVT//ZHlD2H2uMtIPnQG8MXAaGR9OI1o1pqBV1g/fpNgNw==",
			"requires": {
				"poly-decomp": "0.1.1"
			}
		},
		"pixelbox": {
			"version": "2.0.2",
			"resolved": "https://registry.npmjs.org/pixelbox/-/pixelbox-2.0.2.tgz",
			"integrity": "sha512-ZlcSNBbgXjkYlj4Lk5QhcFdTJLR2YoIOCnhXr9e0S38tEDlbXnpU8IrWDldFWGGpBBR1bQhSrdpmnZDq1JVxWQ=="
		},
		"poly-decomp": {
			"version": "0.1.1",
			"resolved": "https://registry.npmjs.org/poly-decomp/-/poly-decomp-0.1.1.tgz",
			"integrity": "sha512-clSDtuC48FR2PL2z/+VIRhfnxC7776GlJgDNAh1ZIqYOiaGqrINB+xGIWQypLgpz6Z/Ht/w7rTFEGFRNuSPOuA=="
		},
		"tina": {
			"version": "0.3.23",
			"resolved": "https://registry.npmjs.org/tina/-/tina-0.3.23.tgz",
			"integrity": "sha512-xK01p7e7bT4xciCldifXlUnOhe4pFiNE7/3aCs9rpU+vGtcJmQWW3BaIY4c0XuhRdDwLufLBLP2cpT4dvkKmbg=="
		}
	}
}
